PODS:
  - animal_cage (0.3.0):
    - dog (= 0.5.0)
  - dog (0.5.0)

DEPENDENCIES:
  - animal_cage (from `../`)
  - dog (= 0.5.0)

SPEC REPOS:
  https://github.com/Andriel-lore/cocoapods.git:
    - dog

EXTERNAL SOURCES:
  animal_cage:
    :path: "../"

SPEC CHECKSUMS:
  animal_cage: 412e7b821b238a9eba721b8be7a2a19046ce2ac3
  dog: 8ad1c93aab3edbfb461d322713923aab88270b03

PODFILE CHECKSUM: a1b3699d21b178ad1b7ef396e375219aa5956a8a

COCOAPODS: 1.11.3
